lockfileVersion: '9.0'

settings:
  autoInstallPeers: true
  excludeLinksFromLockfile: false

overrides:
  '@deepseek-ai/libreoffice-kit>fflate': 0.8.3

importers:

  .:
    dependencies:
      '@deepseek-ai/libreoffice-kit':
        specifier: 0.1.5
        version: 0.1.5
      '@office-kit/pptx':
        specifier: 0.21.0
        version: 0.21.0
    devDependencies:
      '@types/node':
        specifier: ^24.0.0
        version: 24.13.3
      typescript:
        specifier: ^5.6.0
        version: 5.9.3

packages:

  '@deepseek-ai/libreoffice-kit-darwin-arm64@0.1.5':
    resolution: {integrity: sha512-SjeXmyaTevEq2TxK7reb1rhCrQZ4QOXmXt/qEwfQD5Fx3odU0ILx2uiXN+nphSCQ95LFCzrElHGgv2c7a824yg==}
    engines: {node: '>=22.19.0'}
    cpu: [arm64]
    os: [darwin]

  '@deepseek-ai/libreoffice-kit-darwin-x64@0.1.5':
    resolution: {integrity: sha512-vuz2tTpH1Edk75+DISwg/TXdQ3BNSNSHoVnWVqxqbGMgrrK9trLOw2+0X7mjT1naGO00Zc1qkyQ4if3kx5XjqQ==}
    engines: {node: '>=22.19.0'}
    cpu: [x64]
    os: [darwin]

  '@deepseek-ai/libreoffice-kit-wasm@0.1.5':
    resolution: {integrity: sha512-V+pu5xJsKhVD4AU1xbFlMWY91svK9ZIC2JsNOph9kWp/arF/KQcuytt76bcbozJqPbE8o0n04lyh0m3QW5RYSA==}
    engines: {node: '>=22.19.0'}
    os: [linux]

  '@deepseek-ai/libreoffice-kit-win32-arm64@0.1.5':
    resolution: {integrity: sha512-Av3aFfNLaVxfffu0JXP5mqfmsCU3gQtlUH9UD+zdXl8ON06ukVAmu7LqNyuKAz/68WoOMTQ+YBlVQukgDRKd/A==}
    engines: {node: '>=22.19.0'}
    cpu: [arm64]
    os: [win32]

  '@deepseek-ai/libreoffice-kit-win32-x64@0.1.5':
    resolution: {integrity: sha512-uKuDGZdofxuW4iRmUh8b3+XWU28JeOCYMTAONzo7tEHIq00DV2cARcgUYiTP7gUH49tH4A/RyPMOVEBzK7qjjw==}
    engines: {node: '>=22.19.0'}
    cpu: [x64]
    os: [win32]

  '@deepseek-ai/libreoffice-kit@0.1.5':
    resolution: {integrity: sha512-H12xtUsAyl70zFeQ5pk5GGRc3N1+6zn+DVAcqwlguI6EvqopBGP3xkUmePU7g5f6ydYlDZLWedHT9lTSL7zLxA==}
    engines: {node: '>=22.19.0'}
    hasBin: true

  '@koromix/koffi-darwin-arm64@3.1.1':
    resolution: {integrity: sha512-+Dl0zQDh1Wb55AWOn9hp7K30qgkODvrvN+ZNkFOh81Q0oFX/rpJQtocgjAuYk2zFAcajSeVDumkcHMPwnKSXzA==}
    cpu: [arm64]
    os: [darwin]

  '@koromix/koffi-darwin-x64@3.1.1':
    resolution: {integrity: sha512-cDFAKn1qdZBFLrp7dAc9QUDw3l4xAhTJbOdPWWb0LxssVicUdHcRCLZGrDsmPW2tpH6LGNNeLgqRpAoD2Mo8iA==}
    cpu: [x64]
    os: [darwin]

  '@koromix/koffi-freebsd-arm64@3.1.1':
    resolution: {integrity: sha512-zaP7FJISI/scQW9Wa5QicY3a09WmtKBWSbmC+5nfCqPzwWe7Hx2so74Er7mPsDfCiMMR0Ya+evKbJQDkfyXicg==}
    cpu: [arm64]
    os: [freebsd]

  '@koromix/koffi-freebsd-ia32@3.1.1':
    resolution: {integrity: sha512-7GejVb688TLM8rbjfc0oezJrATxZc0dn801xWEDJekN2DgmRXu7HquGqWQ6z3NeSq7ZxEggz4T3xtlbCysQapA==}
    cpu: [ia32]
    os: [freebsd]

  '@koromix/koffi-freebsd-x64@3.1.1':
    resolution: {integrity: sha512-XLiCFP9OFCyOoGTjAimtDKLhzhfo34WcP1ShVWxRzNCWDGjfz8BYjwd69cp/cDSUXZbxamqs4+/6vmkePq9wxA==}
    cpu: [x64]
    os: [freebsd]

  '@koromix/koffi-linux-arm64@3.1.1':
    resolution: {integrity: sha512-HA9xINK7G4dRAkpfnBWD9VfuyIBgW1SuK+KPHjksUwRMOnhgqP8J/JqgrAzdzcDiefGBkqEacIP776OUwz7knQ==}
    cpu: [arm64]
    os: [linux]

  '@koromix/koffi-linux-ia32@3.1.1':
    resolution: {integrity: sha512-jG7IFytmP8K5Qtbx0ro0ZeuX3JjSsLxmYhq+nmXDdrtOAlxIsWGynuiDLS6Jk3vOchVii2m6Y2f/L3GLG2fG5A==}
    cpu: [ia32]
    os: [linux]

  '@koromix/koffi-linux-loong64@3.1.1':
    resolution: {integrity: sha512-CIsT1cNnih8FuU52Me/IVlJBpH28SQfoDeYPctJswgJzaARktusF7m4MUbtR1PBDjuquCVM4/vFyNdOzfPonvA==}
    cpu: [loong64]
    os: [linux]

  '@koromix/koffi-linux-riscv64@3.1.1':
    resolution: {integrity: sha512-9D6RmqeKsSvs3U6jILJU9PcAjMwKKyn7yLxNBb5k6z9PCoUoGJ3/BrhXAX0qjrLLwEiIpP/hS/40RuXvH8Lc3Q==}
    cpu: [riscv64]
    os: [linux]

  '@koromix/koffi-linux-x64@3.1.1':
    resolution: {integrity: sha512-pyTcX5fePeYbt7TZAwRby69wdlRx3PT+g15ra5IYdat/Pgh3qAKEYeZ+uu7WpPGOy43p/oSRqqZoa2kORzozlA==}
    cpu: [x64]
    os: [linux]

  '@koromix/koffi-openbsd-ia32@3.1.1':
    resolution: {integrity: sha512-iPnPzvG2HOfdzaiG1drdkt86sAqmTPDv9mAf+5gL7mRzkeeQC88EVGboRy7eXwdXn7R+v0ntA3iQxdHrBn6yXw==}
    cpu: [ia32]
    os: [openbsd]

  '@koromix/koffi-openbsd-x64@3.1.1':
    resolution: {integrity: sha512-/Xqc3R0SVoMCYjMPZnJ9bULtRo364+dKmnQhfDrI83tSpxUHRw7HRNf12vBeL+hPgKxSBjtMpWfQ/ZIyVyLFag==}
    cpu: [x64]
    os: [openbsd]

  '@koromix/koffi-win32-arm64@3.1.1':
    resolution: {integrity: sha512-JhqHauEwQvdcWUERxrV5HH/DT9W7hY1A1eU6/o8tB+yck+D3kt5elpRDBt9KjpW6h+vHPy3V0sjDvO0CXyabTA==}
    cpu: [arm64]
    os: [win32]

  '@koromix/koffi-win32-ia32@3.1.1':
    resolution: {integrity: sha512-ZRuyYmlGS/rCc966qqs0qREXDW4FRdul7rDF1VgSWHbVmdc196PUgUT+blq/GjZgTwqzeEXtMRgM+cU8krHjvA==}
    cpu: [ia32]
    os: [win32]

  '@koromix/koffi-win32-x64@3.1.1':
    resolution: {integrity: sha512-KqHPmvj6QILhNyI/To8QSihHsijeVGIYYPBOUnXEpcnH2LuLbargY4Hd6dDeTN3Z90uUUxN+1FWz1UnhVzFOiA==}
    cpu: [x64]
    os: [win32]

  '@office-kit/pptx@0.21.0':
    resolution: {integrity: sha512-m3E+DUw4KmnK1IMh87huvm84DUISjS4nxRZsGq4mJvVoqHmkqloZcZcxbFncwC8eLfpyHyHGk5x8OjN0LXcmLA==}
    engines: {node: '>=22.18.0'}

  '@swc/helpers@0.5.23':
    resolution: {integrity: sha512-5lSsMOTXURePglDfvuAQUqkGek9Hg2kksOYay2m0+XR++b2NWYL/4sWyuvVBIs8oKnJaxkdi9whaL/sqN13afw==}

  '@types/node@24.13.3':
    resolution: {integrity: sha512-Dh8vAsV36ig5wa9OX4pXvMc9D3Veibfw2wix0CUwYODLD8nkj9UsLjASr49nPg+2eKzxhBV+v7L8pXvT4e639Q==}

  base64-js@1.5.1:
    resolution: {integrity: sha512-AKpaYlHn8t4SVbOHCy+b5+KKgvR4vrsD8vbvrbiQJps7fKDTkjkDry6ji0rUJjC0kzbNePLwzxq8iypo41qeWA==}

  brotli@1.3.3:
    resolution: {integrity: sha512-oTKjJdShmDuGW94SyyaoQvAjf30dZaHnjJ8uAF+u2/vGJkJbJPJAT1gDiOJP5v1Zb6f9KEyW/1HpuaWIXtGHPg==}

  clone@2.1.2:
    resolution: {integrity: sha512-3Pe/CF1Nn94hyhIYpjtiLhdCoEoz0DqQ+988E9gmeEdQZlojxnOb74wctFyuwWQHzqyf9X7C7MG8juUpqBJT8w==}
    engines: {node: '>=0.8'}

  dfa@1.2.0:
    resolution: {integrity: sha512-ED3jP8saaweFTjeGX8HQPjeC1YYyZs98jGNZx6IiBvxW7JG5v492kamAQB3m2wop07CvU/RQmzcKr6bgcC5D/Q==}

  fast-deep-equal@3.1.3:
    resolution: {integrity: sha512-f3qQ9oQy9j2AhBe/H9VC91wLmKBCCU/gDOnKNAYG5hswO7BLKj09Hc5HYNz9cGI++xlpDCIgDaitVs03ATR84Q==}

  fflate@0.8.3:
    resolution: {integrity: sha512-tbZNuJrLwGUp3zshBtdy4W+ORxZuIh8a5ilyIEQDC5rY1f3U20JMry0Ll3WBzU58EZKsEuJFXhb5gwv8CsPvgA==}

  fontkit@2.0.4:
    resolution: {integrity: sha512-syetQadaUEDNdxdugga9CpEYVaQIxOwk7GlwZWWZ19//qW4zE5bknOKeMBDYAASwnpaSHKJITRLMF9m1fp3s6g==}

  koffi@3.1.1:
    resolution: {integrity: sha512-mRX6AMeeKCxSOeOopqAcLAl5jcNvge7NAG8l7rF/8gGJATI0tdHFYjteIdE0mGOtWdsrJOij+PjnP8Q9c1gwgA==}

  pako@0.2.9:
    resolution: {integrity: sha512-NUcwaKxUxWrZLpDG+z/xZaCgQITkA/Dv4V/T6bw7VON6l1Xz/VnrBqrYjZQ12TamKHzITTfOEIYUj48y2KXImA==}

  restructure@3.0.2:
    resolution: {integrity: sha512-gSfoiOEA0VPE6Tukkrr7I0RBdE0s7H1eFCDBk05l1KIQT1UIKNc5JZy6jdyW6eYH3aR3g5b3PuL77rq0hvwtAw==}

  saxes@6.0.0:
    resolution: {integrity: sha512-xAg7SOnEhrm5zI3puOOKyy1OMcMlIJZYNJY7xLBwSze0UjhPLnWfj2GF2EpT0jmzaJKIWKHLsaSSajf35bcYnA==}
    engines: {node: '>=v12.22.7'}

  tiny-inflate@1.0.3:
    resolution: {integrity: sha512-pkY1fj1cKHb2seWDy0B16HeWyczlJA9/WW3u3c4z/NiWDsO3DOU5D7nhTLE9CF0yXv/QZFY7sEJmj24dK+Rrqw==}

  tslib@2.8.1:
    resolution: {integrity: sha512-oJFu94HQb+KVduSUQL7wnpmqnfmLsOA/nAh6b6EH0wCEoK0/mPeXU6c3wKDV83MkOuHPRHtSXKKU99IBazS/2w==}

  typescript@5.9.3:
    resolution: {integrity: sha512-jl1vZzPDinLr9eUt3J/t7V6FgNEw9QjvBPdysz9KfQDD41fQrC2Y4vKQdiaUpFT4bXlb1RHhLpp8wtm6M5TgSw==}
    engines: {node: '>=14.17'}
    hasBin: true

  undici-types@7.18.2:
    resolution: {integrity: sha512-AsuCzffGHJybSaRrmr5eHr81mwJU3kjw6M+uprWvCXiNeN9SOGwQ3Jn8jb8m3Z6izVgknn1R0FTCEAP2QrLY/w==}

  unicode-properties@1.4.1:
    resolution: {integrity: sha512-CLjCCLQ6UuMxWnbIylkisbRj31qxHPAurvena/0iwSVbQ2G1VY5/HjV0IRabOEbDHlzZlRdCrD4NhB0JtU40Pg==}

  unicode-trie@2.0.0:
    resolution: {integrity: sha512-x7bc76x0bm4prf1VLg79uhAzKw8DVboClSN5VxJuQ+LKDOVEW9CdH+VY7SP+vX7xCYQqzzgQpFqz15zeLvAtZQ==}

  xmlchars@2.2.0:
    resolution: {integrity: sha512-JZnDKK8B0RCDw84FNdDAIpZK+JuJw+s7Lz8nksI7SIuU3UXJJslUthsi+uWBUYOwPFwW7W7PRLRfUKpxjtjFCw==}

snapshots:

  '@deepseek-ai/libreoffice-kit-darwin-arm64@0.1.5':
    optional: true

  '@deepseek-ai/libreoffice-kit-darwin-x64@0.1.5':
    optional: true

  '@deepseek-ai/libreoffice-kit-wasm@0.1.5':
    optional: true

  '@deepseek-ai/libreoffice-kit-win32-arm64@0.1.5':
    optional: true

  '@deepseek-ai/libreoffice-kit-win32-x64@0.1.5':
    optional: true

  '@deepseek-ai/libreoffice-kit@0.1.5':
    dependencies:
      fflate: 0.8.3
      fontkit: 2.0.4
      koffi: 3.1.1
      saxes: 6.0.0
    optionalDependencies:
      '@deepseek-ai/libreoffice-kit-darwin-arm64': 0.1.5
      '@deepseek-ai/libreoffice-kit-darwin-x64': 0.1.5
      '@deepseek-ai/libreoffice-kit-wasm': 0.1.5
      '@deepseek-ai/libreoffice-kit-win32-arm64': 0.1.5
      '@deepseek-ai/libreoffice-kit-win32-x64': 0.1.5

  '@koromix/koffi-darwin-arm64@3.1.1':
    optional: true

  '@koromix/koffi-darwin-x64@3.1.1':
    optional: true

  '@koromix/koffi-freebsd-arm64@3.1.1':
    optional: true

  '@koromix/koffi-freebsd-ia32@3.1.1':
    optional: true

  '@koromix/koffi-freebsd-x64@3.1.1':
    optional: true

  '@koromix/koffi-linux-arm64@3.1.1':
    optional: true

  '@koromix/koffi-linux-ia32@3.1.1':
    optional: true

  '@koromix/koffi-linux-loong64@3.1.1':
    optional: true

  '@koromix/koffi-linux-riscv64@3.1.1':
    optional: true

  '@koromix/koffi-linux-x64@3.1.1':
    optional: true

  '@koromix/koffi-openbsd-ia32@3.1.1':
    optional: true

  '@koromix/koffi-openbsd-x64@3.1.1':
    optional: true

  '@koromix/koffi-win32-arm64@3.1.1':
    optional: true

  '@koromix/koffi-win32-ia32@3.1.1':
    optional: true

  '@koromix/koffi-win32-x64@3.1.1':
    optional: true

  '@office-kit/pptx@0.21.0':
    dependencies:
      fflate: 0.8.3

  '@swc/helpers@0.5.23':
    dependencies:
      tslib: 2.8.1

  '@types/node@24.13.3':
    dependencies:
      undici-types: 7.18.2

  base64-js@1.5.1: {}

  brotli@1.3.3:
    dependencies:
      base64-js: 1.5.1

  clone@2.1.2: {}

  dfa@1.2.0: {}

  fast-deep-equal@3.1.3: {}

  fflate@0.8.3: {}

  fontkit@2.0.4:
    dependencies:
      '@swc/helpers': 0.5.23
      brotli: 1.3.3
      clone: 2.1.2
      dfa: 1.2.0
      fast-deep-equal: 3.1.3
      restructure: 3.0.2
      tiny-inflate: 1.0.3
      unicode-properties: 1.4.1
      unicode-trie: 2.0.0

  koffi@3.1.1:
    optionalDependencies:
      '@koromix/koffi-darwin-arm64': 3.1.1
      '@koromix/koffi-darwin-x64': 3.1.1
      '@koromix/koffi-freebsd-arm64': 3.1.1
      '@koromix/koffi-freebsd-ia32': 3.1.1
      '@koromix/koffi-freebsd-x64': 3.1.1
      '@koromix/koffi-linux-arm64': 3.1.1
      '@koromix/koffi-linux-ia32': 3.1.1
      '@koromix/koffi-linux-loong64': 3.1.1
      '@koromix/koffi-linux-riscv64': 3.1.1
      '@koromix/koffi-linux-x64': 3.1.1
      '@koromix/koffi-openbsd-ia32': 3.1.1
      '@koromix/koffi-openbsd-x64': 3.1.1
      '@koromix/koffi-win32-arm64': 3.1.1
      '@koromix/koffi-win32-ia32': 3.1.1
      '@koromix/koffi-win32-x64': 3.1.1

  pako@0.2.9: {}

  restructure@3.0.2: {}

  saxes@6.0.0:
    dependencies:
      xmlchars: 2.2.0

  tiny-inflate@1.0.3: {}

  tslib@2.8.1: {}

  typescript@5.9.3: {}

  undici-types@7.18.2: {}

  unicode-properties@1.4.1:
    dependencies:
      base64-js: 1.5.1
      unicode-trie: 2.0.0

  unicode-trie@2.0.0:
    dependencies:
      pako: 0.2.9
      tiny-inflate: 1.0.3

  xmlchars@2.2.0: {}
